{
  "name": "GameWired66",
  "lockfileVersion": 3,
  "requires": true,
  "packages": {
    "": {
      "devDependencies": {
        "poku": "^4.2.1"
      }
    },
    "node_modules/poku": {
      "version": "4.2.1",
      "resolved": "https://registry.npmjs.org/poku/-/poku-4.2.1.tgz",
      "integrity": "sha512-NdvY83GgyCVdRCEP9PsdFY8PW3wCugPnKbyE5nsgBPSlppd8VCdTb1GkDpSKahirvGxd2YiAATWPha2DXBen/g==",
      "dev": true,
      "license": "MIT",
      "bin": {
        "poku": "lib/bin/index.js"
      },
      "engines": {
        "bun": ">=1.x.x",
        "deno": ">=2.x.x",
        "node": ">=16.x.x",
        "typescript": ">=5.x.x"
      },
      "funding": {
        "type": "github",
        "url": "https://github.com/sponsors/wellwelwel"
      }
    }
  }
}
